
Microsoft Visual Studio Solution File, Format Version 12.00
# Visual Studio Version 17
VisualStudioVersion = 17.7.34003.232
MinimumVisualStudioVersion = 10.0.40219.1
Project("{FAE04EC0-301F-11D3-BF4B-00C04F79EFBC}") = "StockApi", "StockApi\StockApi.csproj", "{7B60C5F7-AAD6-4277-8823-D60AD92150C9}"
EndProject
Global
	GlobalSection(SolutionConfigurationPlatforms) = preSolution
		Debug|Any CPU = Debug|Any CPU
		Release|Any CPU = Release|Any CPU
	EndGlobalSection
	GlobalSection(ProjectConfigurationPlatforms) = postSolution
		{7B60C5F7-AAD6-4277-8823-D60AD92150C9}.Debug|Any CPU.ActiveCfg = Debug|Any CPU
		{7B60C5F7-AAD6-4277-8823-D60AD92150C9}.Debug|Any CPU.Build.0 = Debug|Any CPU
		{7B60C5F7-AAD6-4277-8823-D60AD92150C9}.Release|Any CPU.ActiveCfg = Release|Any CPU
		{7B60C5F7-AAD6-4277-8823-D60AD92150C9}.Release|Any CPU.Build.0 = Release|Any CPU
	EndGlobalSection
	GlobalSection(SolutionProperties) = preSolution
		HideSolutionNode = FALSE
	EndGlobalSection
	GlobalSection(ExtensibilityGlobals) = postSolution
		SolutionGuid = {2F28C6AB-31D5-46CF-958C-EF68927AFE2B}
	EndGlobalSection
EndGlobal
